
Microsoft Visual Studio Solution File, Format Version 12.00
# Visual Studio Version 17
VisualStudioVersion = 17.2.32630.192
MinimumVisualStudioVersion = 10.0.40219.1
Project("{FAE04EC0-301F-11D3-BF4B-00C04F79EFBC}") = "EmployeeWage", "EmployeeWage.csproj", "{E10CAF8A-7F2A-4EF6-AD4B-2B29CFF4A414}"
EndProject
Global
	GlobalSection(SolutionConfigurationPlatforms) = preSolution
		Debug|Any CPU = Debug|Any CPU
		Release|Any CPU = Release|Any CPU
	EndGlobalSection
	GlobalSection(ProjectConfigurationPlatforms) = postSolution
		{E10CAF8A-7F2A-4EF6-AD4B-2B29CFF4A414}.Debug|Any CPU.ActiveCfg = Debug|Any CPU
		{E10CAF8A-7F2A-4EF6-AD4B-2B29CFF4A414}.Debug|Any CPU.Build.0 = Debug|Any CPU
		{E10CAF8A-7F2A-4EF6-AD4B-2B29CFF4A414}.Release|Any CPU.ActiveCfg = Release|Any CPU
		{E10CAF8A-7F2A-4EF6-AD4B-2B29CFF4A414}.Release|Any CPU.Build.0 = Release|Any CPU
	EndGlobalSection
	GlobalSection(SolutionProperties) = preSolution
		HideSolutionNode = FALSE
	EndGlobalSection
	GlobalSection(ExtensibilityGlobals) = postSolution
		SolutionGuid = {4D44AA10-F97E-4102-84AA-8C6AB5C13990}
	EndGlobalSection
EndGlobal
