
Microsoft Visual Studio Solution File, Format Version 12.00
# Visual Studio Version 17
VisualStudioVersion = 17.2.32630.192
MinimumVisualStudioVersion = 10.0.40219.1
Project("{FAE04EC0-301F-11D3-BF4B-00C04F79EFBC}") = "concateNation", "concateNation.csproj", "{9EC03907-408C-48B2-A974-A908F72E15D6}"
EndProject
Global
	GlobalSection(SolutionConfigurationPlatforms) = preSolution
		Debug|Any CPU = Debug|Any CPU
		Release|Any CPU = Release|Any CPU
	EndGlobalSection
	GlobalSection(ProjectConfigurationPlatforms) = postSolution
		{9EC03907-408C-48B2-A974-A908F72E15D6}.Debug|Any CPU.ActiveCfg = Debug|Any CPU
		{9EC03907-408C-48B2-A974-A908F72E15D6}.Debug|Any CPU.Build.0 = Debug|Any CPU
		{9EC03907-408C-48B2-A974-A908F72E15D6}.Release|Any CPU.ActiveCfg = Release|Any CPU
		{9EC03907-408C-48B2-A974-A908F72E15D6}.Release|Any CPU.Build.0 = Release|Any CPU
	EndGlobalSection
	GlobalSection(SolutionProperties) = preSolution
		HideSolutionNode = FALSE
	EndGlobalSection
	GlobalSection(ExtensibilityGlobals) = postSolution
		SolutionGuid = {78882ED0-CFF8-430A-B9F5-4A4AD9B647B9}
	EndGlobalSection
EndGlobal
