
Microsoft Visual Studio Solution File, Format Version 12.00
# Visual Studio Version 17
VisualStudioVersion = 17.2.32630.192
MinimumVisualStudioVersion = 10.0.40219.1
Project("{FAE04EC0-301F-11D3-BF4B-00C04F79EFBC}") = "UC-5 employee wage", "UC-5 employee wage.csproj", "{4915C7E5-1C4A-45C7-B1ED-38E5ADDB22F8}"
EndProject
Global
	GlobalSection(SolutionConfigurationPlatforms) = preSolution
		Debug|Any CPU = Debug|Any CPU
		Release|Any CPU = Release|Any CPU
	EndGlobalSection
	GlobalSection(ProjectConfigurationPlatforms) = postSolution
		{4915C7E5-1C4A-45C7-B1ED-38E5ADDB22F8}.Debug|Any CPU.ActiveCfg = Debug|Any CPU
		{4915C7E5-1C4A-45C7-B1ED-38E5ADDB22F8}.Debug|Any CPU.Build.0 = Debug|Any CPU
		{4915C7E5-1C4A-45C7-B1ED-38E5ADDB22F8}.Release|Any CPU.ActiveCfg = Release|Any CPU
		{4915C7E5-1C4A-45C7-B1ED-38E5ADDB22F8}.Release|Any CPU.Build.0 = Release|Any CPU
	EndGlobalSection
	GlobalSection(SolutionProperties) = preSolution
		HideSolutionNode = FALSE
	EndGlobalSection
	GlobalSection(ExtensibilityGlobals) = postSolution
		SolutionGuid = {BE1B7058-9BC5-4FD7-AA31-5955194B44AF}
	EndGlobalSection
EndGlobal
