
Microsoft Visual Studio Solution File, Format Version 12.00
# Visual Studio Version 17
VisualStudioVersion = 17.2.32630.192
MinimumVisualStudioVersion = 10.0.40219.1
Project("{FAE04EC0-301F-11D3-BF4B-00C04F79EFBC}") = "IfelseStatement", "IfelseStatement.csproj", "{4CC25953-4813-4523-AE6C-46DFD1B03AC0}"
EndProject
Global
	GlobalSection(SolutionConfigurationPlatforms) = preSolution
		Debug|Any CPU = Debug|Any CPU
		Release|Any CPU = Release|Any CPU
	EndGlobalSection
	GlobalSection(ProjectConfigurationPlatforms) = postSolution
		{4CC25953-4813-4523-AE6C-46DFD1B03AC0}.Debug|Any CPU.ActiveCfg = Debug|Any CPU
		{4CC25953-4813-4523-AE6C-46DFD1B03AC0}.Debug|Any CPU.Build.0 = Debug|Any CPU
		{4CC25953-4813-4523-AE6C-46DFD1B03AC0}.Release|Any CPU.ActiveCfg = Release|Any CPU
		{4CC25953-4813-4523-AE6C-46DFD1B03AC0}.Release|Any CPU.Build.0 = Release|Any CPU
	EndGlobalSection
	GlobalSection(SolutionProperties) = preSolution
		HideSolutionNode = FALSE
	EndGlobalSection
	GlobalSection(ExtensibilityGlobals) = postSolution
		SolutionGuid = {D480A6C6-9F9F-440A-9B46-21AA5D522566}
	EndGlobalSection
EndGlobal
