
Microsoft Visual Studio Solution File, Format Version 12.00
# Visual Studio Version 17
VisualStudioVersion = 17.2.32630.192
MinimumVisualStudioVersion = 10.0.40219.1
Project("{FAE04EC0-301F-11D3-BF4B-00C04F79EFBC}") = "typeCasting", "typeCasting.csproj", "{C371268C-04B9-4BC8-A2A7-27B71E8B5CDE}"
EndProject
Global
	GlobalSection(SolutionConfigurationPlatforms) = preSolution
		Debug|Any CPU = Debug|Any CPU
		Release|Any CPU = Release|Any CPU
	EndGlobalSection
	GlobalSection(ProjectConfigurationPlatforms) = postSolution
		{C371268C-04B9-4BC8-A2A7-27B71E8B5CDE}.Debug|Any CPU.ActiveCfg = Debug|Any CPU
		{C371268C-04B9-4BC8-A2A7-27B71E8B5CDE}.Debug|Any CPU.Build.0 = Debug|Any CPU
		{C371268C-04B9-4BC8-A2A7-27B71E8B5CDE}.Release|Any CPU.ActiveCfg = Release|Any CPU
		{C371268C-04B9-4BC8-A2A7-27B71E8B5CDE}.Release|Any CPU.Build.0 = Release|Any CPU
	EndGlobalSection
	GlobalSection(SolutionProperties) = preSolution
		HideSolutionNode = FALSE
	EndGlobalSection
	GlobalSection(ExtensibilityGlobals) = postSolution
		SolutionGuid = {97C3AA9A-2072-4C77-A0FF-ABEC2CF70608}
	EndGlobalSection
EndGlobal
